// !$*UTF8*$!
{
	archiveVersion = 1;
	classes = {
	};
	objectVersion = 48;
	objects = {

/* Begin PBXBuildFile section */
		F538B0E520E5B79100F2121E /* AppDelegate.swift in Sources */ = {isa = PBXBuildFile; fileRef = F538B0E420E5B79100F2121E /* AppDelegate.swift */; };
		F538B0E720E5B79100F2121E /* ViewController.swift in Sources */ = {isa = PBXBuildFile; fileRef = F538B0E620E5B79100F2121E /* ViewController.swift */; };
		F538B0EA20E5B79100F2121E /* Main.storyboard in Resources */ = {isa = PBXBuildFile; fileRef = F538B0E820E5B79100F2121E /* Main.storyboard */; };
		F538B0EC20E5B79100F2121E /* Assets.xcassets in Resources */ = {isa = PBXBuildFile; fileRef = F538B0EB20E5B79100F2121E /* Assets.xcassets */; };
		F538B0EF20E5B79100F2121E /* LaunchScreen.storyboard in Resources */ = {isa = PBXBuildFile; fileRef = F538B0ED20E5B79100F2121E /* LaunchScreen.storyboard */; };
/* End PBXBuildFile section */

/* Begin PBXFileReference section */
		F538B0E120E5B79100F2121E /* DIT_Food_Term_Project.app */ = {isa = PBXFileReference; explicitFileType = wrapper.application; includeInIndex = 0; path = DIT_Food_Term_Project.app; sourceTree = BUILT_PRODUCTS_DIR; };
		F538B0E420E5B79100F2121E /* AppDelegate.swift */ = {isa = PBXFileReference; lastKnownFileType = sourcecode.swift; path = AppDelegate.swift; sourceTree = "<group>"; };
		F538B0E620E5B79100F2121E /* ViewController.swift */ = {isa = PBXFileReference; lastKnownFileType = sourcecode.swift; path = ViewController.swift; sourceTree = "<group>"; };
		F538B0E920E5B79100F2121E /* Base */ = {isa = PBXFileReference; lastKnownFileType = file.storyboard; name = Base; path = Base.lproj/Main.storyboard; sourceTree = "<group>"; };
		F538B0EB20E5B79100F2121E /* Assets.xcassets */ = {isa = PBXFileReference; lastKnownFileType = folder.assetcatalog; path = Assets.xcassets; sourceTree = "<group>"; };
		F538B0EE20E5B79100F2121E /* Base */ = {isa = PBXFileReference; lastKnownFileType = file.storyboard; name = Base; path = Base.lproj/LaunchScreen.storyboard; sourceTree = "<group>"; };
		F538B0F020E5B79100F2121E /* Info.plist */ = {isa = PBXFileReference; lastKnownFileType = text.plist.xml; path = Info.plist; sourceTree = "<group>"; };
/* End PBXFileReference section */

/* Begin PBXFrameworksBuildPhase section */
		F538B0DE20E5B79100F2121E /* Frameworks */ = {
			isa = PBXFrameworksBuildPhase;
			buildActionMask = 2147483647;
			files = (
			);
			runOnlyForDeploymentPostprocessing = 0;
		};
/* End PBXFrameworksBuildPhase section */

/* Begin PBXGroup section */
		F538B0D820E5B79100F2121E = {
			isa = PBXGroup;
			children = (
				F538B0E320E5B79100F2121E /* DIT_Food_Term_Project */,
				F538B0E220E5B79100F2121E /* Products */,
			);
			sourceTree = "<group>";
		};
		F538B0E220E5B79100F2121E /* Products */ = {
			isa = PBXGroup;
			children = (
				F538B0E120E5B79100F2121E /* DIT_Food_Term_Project.app */,
			);
			name = Products;
			sourceTree = "<group>";
		};
		F538B0E320E5B79100F2121E /* DIT_Food_Term_Project */ = {
			isa = PBXGroup;
			children = (
				F538B0E420E5B79100F2121E /* AppDelegate.swift */,
				F538B0E620E5B79100F2121E /* ViewController.swift */,
				F538B0E820E5B79100F2121E /* Main.storyboard */,
				F538B0EB20E5B79100F2121E /* Assets.xcassets */,
				F538B0ED20E5B79100F2121E /* LaunchScreen.storyboard */,
				F538B0F020E5B79100F2121E /* Info.plist */,
			);
			path = DIT_Food_Term_Project;
			sourceTree = "<group>";
		};
/* End PBXGroup section */

/* Begin PBXNativeTarget section */
		F538B0E020E5B79100F2121E /* DIT_Food_Term_Project */ = {
			isa = PBXNativeTarget;
			buildConfigurationList = F538B0F320E5B79100F2121E /* Build configuration list for PBXNativeTarget "DIT_Food_Term_Project" */;
			buildPhases = (
				F538B0DD20E5B79100F2121E /* Sources */,
				F538B0DE20E5B79100F2121E /* Frameworks */,
				F538B0DF20E5B79100F2121E /* Resources */,
			);
			buildRules = (
			);
			dependencies = (
			);
			name = DIT_Food_Term_Project;
			productName = DIT_Food_Term_Project;
			productReference = F538B0E120E5B79100F2121E /* DIT_Food_Term_Project.app */;
			productType = "com.apple.product-type.application";
		};
/* End PBXNativeTarget section */

/* Begin PBXProject section */
		F538B0D920E5B79100F2121E /* Project object */ = {
			isa = PBXProject;
			attributes = {
				LastSwiftUpdateCheck = 0920;
				LastUpgradeCheck = 0920;
				ORGANIZATIONNAME = s22dfg;
				TargetAttributes = {
					F538B0E020E5B79100F2121E = {
						CreatedOnToolsVersion = 9.2;
						ProvisioningStyle = Automatic;
					};
				};
			};
			buildConfigurationList = F538B0DC20E5B79100F2121E /* Build configuration list for PBXProject "DIT_Food_Term_Project" */;
			compatibilityVersion = "Xcode 8.0";
			developmentRegion = en;
			hasScannedForEncodings = 0;
			knownRegions = (
				en,
				Base,
			);
			mainGroup = F538B0D820E5B79100F2121E;
			productRefGroup = F538B0E220E5B79100F2121E /* Products */;
			projectDirPath = "";
			projectRoot = "";
			targets = (
				F538B0E020E5B79100F2121E /* DIT_Food_Term_Project */,
			);
		};
/* End PBXProject section */

/* Begin PBXResourcesBuildPhase section */
		F538B0DF20E5B79100F2121E /* Resources */ = {
			isa = PBXResourcesBuildPhase;
			buildActionMask = 2147483647;
			files = (
				F538B0EF20E5B79100F2121E /* LaunchScreen.storyboard in Resources */,
				F538B0EC20E5B79100F2121E /* Assets.xcassets in Resources */,
				F538B0EA20E5B79100F2121E /* Main.storyboard in Resources */,
			);
			runOnlyForDeploymentPostprocessing = 0;
		};
/* End PBXResourcesBuildPhase section */

/* Begin PBXSourcesBuildPhase section */
		F538B0DD20E5B79100F2121E /* Sources */ = {
			isa = PBXSourcesBuildPhase;
			buildActionMask = 2147483647;
			files = (
				F538B0E720E5B79100F2121E /* ViewController.swift in Sources */,
				F538B0E520E5B79100F2121E /* AppDelegate.swift in Sources */,
			);
			runOnlyForDeploymentPostprocessing = 0;
		};
/* End PBXSourcesBuildPhase section */

/* Begin PBXVariantGroup section */
		F538B0E820E5B79100F2121E /* Main.storyboard */ = {
			isa = PBXVariantGroup;
			children = (
				F538B0E920E5B79100F2121E /* Base */,
			);
			name = Main.storyboard;
			sourceTree = "<group>";
		};
		F538B0ED20E5B79100F2121E /* LaunchScreen.storyboard */ = {
			isa = PBXVariantGroup;
			children = (
				F538B0EE20E5B79100F2121E /* Base */,
			);
			name = LaunchScreen.storyboard;
			sourceTree = "<group>";
		};
/* End PBXVariantGroup section */

/* Begin XCBuildConfiguration section */
		F538B0F120E5B79100F2121E /* Debug */ = {
			isa = XCBuildConfiguration;
			buildSettings = {
				ALWAYS_SEARCH_USER_PATHS = NO;
				CLANG_ANALYZER_NONNULL = YES;
				CLANG_ANALYZER_NUMBER_OBJECT_CONVERSION = YES_AGGRESSIVE;
				CLANG_CXX_LANGUAGE_STANDARD = "gnu++14";
				CLANG_CXX_LIBRARY = "libc++";
				CLANG_ENABLE_MODULES = YES;
				CLANG_ENABLE_OBJC_ARC = YES;
				CLANG_WARN_BLOCK_CAPTURE_AUTORELEASING = YES;
				CLANG_WARN_BOOL_CONVERSION = YES;
				CLANG_WARN_COMMA = YES;
				CLANG_WARN_CONSTANT_CONVERSION = YES;
				CLANG_WARN_DIRECT_OBJC_ISA_USAGE = YES_ERROR;
				CLANG_WARN_DOCUMENTATION_COMMENTS = YES;
				CLANG_WARN_EMPTY_BODY = YES;
				CLANG_WARN_ENUM_CONVERSION = YES;
				CLANG_WARN_INFINITE_RECURSION = YES;
				CLANG_WARN_INT_CONVERSION = YES;
				CLANG_WARN_NON_LITERAL_NULL_CONVERSION = YES;
				CLANG_WARN_OBJC_LITERAL_CONVERSION = YES;
				CLANG_WARN_OBJC_ROOT_CLASS = YES_ERROR;
				CLANG_WARN_RANGE_LOOP_ANALYSIS = YES;
				CLANG_WARN_STRICT_PROTOTYPES = YES;
				CLANG_WARN_SUSPICIOUS_MOVE = YES;
				CLANG_WARN_UNGUARDED_AVAILABILITY = YES_AGGRESSIVE;
				CLANG_WARN_UNREACHABLE_CODE = YES;
				CLANG_WARN__DUPLICATE_METHOD_MATCH = YES;
				CODE_SIGN_IDENTITY = "iPhone Developer";
				COPY_PHASE_STRIP = NO;
				DEBUG_INFORMATION_FORMAT = dwarf;
				ENABLE_STRICT_OBJC_MSGSEND = YES;
				ENABLE_TESTABILITY = YES;
				GCC_C_LANGUAGE_STANDARD = gnu11;
				GCC_DYNAMIC_NO_PIC = NO;
				GCC_NO_COMMON_BLOCKS = YES;
				GCC_OPTIMIZATION_LEVEL = 0;
				GCC_PREPROCESSOR_DEFINITIONS = (
					"DEBUG=1",
					"$(inherited)",
				);
				GCC_WARN_64_TO_32_BIT_CONVERSION = YES;
				GCC_WARN_ABOUT_RETURN_TYPE = YES_ERROR;
				GCC_WARN_UNDECLARED_SELECTOR = YES;
				GCC_WARN_UNINITIALIZED_AUTOS = YES_AGGRESSIVE;
				GCC_WARN_UNUSED_FUNCTION = YES;
				GCC_WARN_UNUSED_VARIABLE = YES;
				IPHONEOS_DEPLOYMENT_TARGET = 11.2;
				MTL_ENABLE_DEBUG_INFO = YES;
				ONLY_ACTIVE_ARCH = YES;
				SDKROOT = iphoneos;
				SWIFT_ACTIVE_COMPILATION_CONDITIONS = DEBUG;
				SWIFT_OPTIMIZATION_LEVEL = "-Onone";
			};
			name = Debug;
		};
		F538B0F220E5B79100F2121E /* Release */ = {
			isa = XCBuildConfiguration;
			buildSettings = {
				ALWAYS_SEARCH_USER_PATHS = NO;
				CLANG_ANALYZER_NONNULL = YES;
				CLANG_ANALYZER_NUMBER_OBJECT_CONVERSION = YES_AGGRESSIVE;
				CLANG_CXX_LANGUAGE_STANDARD = "gnu++14";
				CLANG_CXX_LIBRARY = "libc++";
				CLANG_ENABLE_MODULES = YES;
				CLANG_ENABLE_OBJC_ARC = YES;
				CLANG_WARN_BLOCK_CAPTURE_AUTORELEASING = YES;
				CLANG_WARN_BOOL_CONVERSION = YES;
				CLANG_WARN_COMMA = YES;
				CLANG_WARN_CONSTANT_CONVERSION = YES;
				CLANG_WARN_DIRECT_OBJC_ISA_USAGE = YES_ERROR;
				CLANG_WARN_DOCUMENTATION_COMMENTS = YES;
				CLANG_WARN_EMPTY_BODY = YES;
				CLANG_WARN_ENUM_CONVERSION = YES;
				CLANG_WARN_INFINITE_RECURSION = YES;
				CLANG_WARN_INT_CONVERSION = YES;
				CLANG_WARN_NON_LITERAL_NULL_CONVERSION = YES;
				CLANG_WARN_OBJC_LITERAL_CONVERSION = YES;
				CLANG_WARN_OBJC_ROOT_CLASS = YES_ERROR;
				CLANG_WARN_RANGE_LOOP_ANALYSIS = YES;
				CLANG_WARN_STRICT_PROTOTYPES = YES;
				CLANG_WARN_SUSPICIOUS_MOVE = YES;
				CLANG_WARN_UNGUARDED_AVAILABILITY = YES_AGGRESSIVE;
				CLANG_WARN_UNREACHABLE_CODE = YES;
				CLANG_WARN__DUPLICATE_METHOD_MATCH = YES;
				CODE_SIGN_IDENTITY = "iPhone Developer";
				COPY_PHASE_STRIP = NO;
				DEBUG_INFORMATION_FORMAT = "dwarf-with-dsym";
				ENABLE_NS_ASSERTIONS = NO;
				ENABLE_STRICT_OBJC_MSGSEND = YES;
				GCC_C_LANGUAGE_STANDARD = gnu11;
				GCC_NO_COMMON_BLOCKS = YES;
				GCC_WARN_64_TO_32_BIT_CONVERSION = YES;
				GCC_WARN_ABOUT_RETURN_TYPE = YES_ERROR;
				GCC_WARN_UNDECLARED_SELECTOR = YES;
				GCC_WARN_UNINITIALIZED_AUTOS = YES_AGGRESSIVE;
				GCC_WARN_UNUSED_FUNCTION = YES;
				GCC_WARN_UNUSED_VARIABLE = YES;
				IPHONEOS_DEPLOYMENT_TARGET = 11.2;
				MTL_ENABLE_DEBUG_INFO = NO;
				SDKROOT = iphoneos;
				SWIFT_OPTIMIZATION_LEVEL = "-Owholemodule";
				VALIDATE_PRODUCT = YES;
			};
			name = Release;
		};
		F538B0F420E5B79100F2121E /* Debug */ = {
			isa = XCBuildConfiguration;
			buildSettings = {
				ASSETCATALOG_COMPILER_APPICON_NAME = AppIcon;
				CODE_SIGN_STYLE = Automatic;
				INFOPLIST_FILE = DIT_Food_Term_Project/Info.plist;
				LD_RUNPATH_SEARCH_PATHS = "$(inherited) @executable_path/Frameworks";
				PRODUCT_BUNDLE_IDENTIFIER = "-01740990.DIT-Food-Term-Project";
				PRODUCT_NAME = "$(TARGET_NAME)";
				SWIFT_VERSION = 4.0;
				TARGETED_DEVICE_FAMILY = "1,2";
			};
			name = Debug;
		};
		F538B0F520E5B79100F2121E /* Release */ = {
			isa = XCBuildConfiguration;
			buildSettings = {
				ASSETCATALOG_COMPILER_APPICON_NAME = AppIcon;
				CODE_SIGN_STYLE = Automatic;
				INFOPLIST_FILE = DIT_Food_Term_Project/Info.plist;
				LD_RUNPATH_SEARCH_PATHS = "$(inherited) @executable_path/Frameworks";
				PRODUCT_BUNDLE_IDENTIFIER = "-01740990.DIT-Food-Term-Project";
				PRODUCT_NAME = "$(TARGET_NAME)";
				SWIFT_VERSION = 4.0;
				TARGETED_DEVICE_FAMILY = "1,2";
			};
			name = Release;
		};
/* End XCBuildConfiguration section */

/* Begin XCConfigurationList section */
		F538B0DC20E5B79100F2121E /* Build configuration list for PBXProject "DIT_Food_Term_Project" */ = {
			isa = XCConfigurationList;
			buildConfigurations = (
				F538B0F120E5B79100F2121E /* Debug */,
				F538B0F220E5B79100F2121E /* Release */,
			);
			defaultConfigurationIsVisible = 0;
			defaultConfigurationName = Release;
		};
		F538B0F320E5B79100F2121E /* Build configuration list for PBXNativeTarget "DIT_Food_Term_Project" */ = {
			isa = XCConfigurationList;
			buildConfigurations = (
				F538B0F420E5B79100F2121E /* Debug */,
				F538B0F520E5B79100F2121E /* Release */,
			);
			defaultConfigurationIsVisible = 0;
			defaultConfigurationName = Release;
		};
/* End XCConfigurationList section */
	};
	rootObject = F538B0D920E5B79100F2121E /* Project object */;
}
